
Microsoft Visual Studio Solution File, Format Version 12.00
# Visual Studio Version 17
VisualStudioVersion = 17.1.32319.34
MinimumVisualStudioVersion = 10.0.40219.1
Project("{2150E333-8FDC-42A3-9474-1A3956D46DE8}") = "app", "app", "{EB4FB44A-FE39-4245-9DAD-D6437BCE3870}"
EndProject
Project("{2150E333-8FDC-42A3-9474-1A3956D46DE8}") = "src", "src", "{42BF26EF-B8C7-42DC-9FFB-3653109B7776}"
EndProject
Project("{2150E333-8FDC-42A3-9474-1A3956D46DE8}") = "test", "test", "{25B3A516-5C0D-42E3-9294-E8A9346CEE4B}"
EndProject
Project("{2150E333-8FDC-42A3-9474-1A3956D46DE8}") = "admin-app", "admin-app", "{BE2A423C-271E-469A-AD90-5640DEBEE9C1}"
EndProject
Project("{2150E333-8FDC-42A3-9474-1A3956D46DE8}") = "domain", "domain", "{A9EF3061-5205-46C7-ACAA-23931CB98E4F}"
EndProject
Project("{2150E333-8FDC-42A3-9474-1A3956D46DE8}") = "public-app", "public-app", "{1314C122-18F0-4C6B-895F-27645B6121FF}"
EndProject
Project("{2150E333-8FDC-42A3-9474-1A3956D46DE8}") = "Shared", "Shared", "{9FAD5B78-0577-4500-92D5-DC86E05F773C}"
EndProject
Project("{2150E333-8FDC-42A3-9474-1A3956D46DE8}") = "dependencies", "dependencies", "{F1D236C8-BF3E-4944-90A5-B62C80E914FC}"
EndProject
Project("{9A19103F-16F7-4668-BE54-9A1E7A4F7556}") = "Volo.Abp", "framework\src\Volo.Abp\Volo.Abp.csproj", "{EBFD0E48-ECDB-4535-95E5-30AC5B42881E}"
EndProject
Project("{9A19103F-16F7-4668-BE54-9A1E7A4F7556}") = "Volo.Abp.AspNetCore", "framework\src\Volo.Abp.AspNetCore\Volo.Abp.AspNetCore.csproj", "{34AA5510-29BC-4BD5-9E99-F86161E62DD1}"
EndProject
Project("{9A19103F-16F7-4668-BE54-9A1E7A4F7556}") = "Volo.Abp.Autofac", "framework\src\Volo.Abp.Autofac\Volo.Abp.Autofac.csproj", "{D0881299-B383-466E-9495-7863D5415CF2}"
EndProject
Project("{9A19103F-16F7-4668-BE54-9A1E7A4F7556}") = "Volo.Abp.BlobStoring.Minio", "framework\src\Volo.Abp.BlobStoring.Minio\Volo.Abp.BlobStoring.Minio.csproj", "{CEBAEE50-DFDF-4B23-A421-6590181F4B31}"
EndProject
Project("{9A19103F-16F7-4668-BE54-9A1E7A4F7556}") = "Volo.Abp.Identity.Domain", "modules\identity\src\Volo.Abp.Identity.Domain\Volo.Abp.Identity.Domain.csproj", "{0C0311FF-94F4-4716-9262-99F25E93BCF6}"
EndProject
Project("{9A19103F-16F7-4668-BE54-9A1E7A4F7556}") = "Volo.Abp.TestBase", "framework\src\Volo.Abp.TestBase\Volo.Abp.TestBase.csproj", "{032010E1-1610-4185-8ADB-138BA5D5390D}"
EndProject
Project("{E53339B2-1760-4266-BCC7-CA923CBCF16C}") = "docker-compose", "docker-compose.dcproj", "{576A7DAB-1ED3-48EB-9D21-465B4D65F0A9}"
EndProject
Project("{9A19103F-16F7-4668-BE54-9A1E7A4F7556}") = "Volo.Abp.AutoMapper", "framework\src\Volo.Abp.AutoMapper\Volo.Abp.AutoMapper.csproj", "{10A56898-E113-4624-9D94-EF221C7D7979}"
EndProject
Project("{9A19103F-16F7-4668-BE54-9A1E7A4F7556}") = "Volo.Abp.Validation", "framework\src\Volo.Abp.Validation\Volo.Abp.Validation.csproj", "{1CE74146-6DFD-4F1A-AA2A-8EC0C2E2BA92}"
EndProject
Project("{9A19103F-16F7-4668-BE54-9A1E7A4F7556}") = "Volo.Abp.AspNetCore.Mvc.UI.Bundling", "framework\src\Volo.Abp.AspNetCore.Mvc.UI.Bundling\Volo.Abp.AspNetCore.Mvc.UI.Bundling.csproj", "{3B9DE361-BACF-40CB-9874-A29E3920DCAF}"
EndProject
Project("{9A19103F-16F7-4668-BE54-9A1E7A4F7556}") = "Volo.Abp.AspNetCore.Mvc.UI.Widgets", "framework\src\Volo.Abp.AspNetCore.Mvc.UI.Widgets\Volo.Abp.AspNetCore.Mvc.UI.Widgets.csproj", "{9B1CEE60-C072-41B8-B489-C00513A406D4}"
EndProject
Project("{9A19103F-16F7-4668-BE54-9A1E7A4F7556}") = "Volo.Abp.Caching.StackExchangeRedis", "framework\src\Volo.Abp.Caching.StackExchangeRedis\Volo.Abp.Caching.StackExchangeRedis.csproj", "{BFE5B357-9620-40AE-9E3A-C12CD4F8C08C}"
EndProject
Project("{9A19103F-16F7-4668-BE54-9A1E7A4F7556}") = "Volo.Blogging.App", "e-Shop-Blogging\Volo.Blogging.App\Volo.Blogging.App.csproj", "{8CC987C4-A09B-4828-A380-97E00B06C465}"
EndProject
Project("{9A19103F-16F7-4668-BE54-9A1E7A4F7556}") = "Volo.Blogging.App.EntityFrameworkCore", "e-Shop-Blogging\Volo.Blogging.App.EntityFrameworkCore\Volo.Blogging.App.EntityFrameworkCore.csproj", "{3BA2A77C-5CD4-4433-AA82-4BE66F5E2BE1}"
EndProject
Project("{9A19103F-16F7-4668-BE54-9A1E7A4F7556}") = "Volo.Blogging.Admin.Application", "e-Shop-Blogging\src\Volo.Blogging.Admin.Application\Volo.Blogging.Admin.Application.csproj", "{5700FE78-D23B-41E4-8AF0-606C21838B35}"
EndProject
Project("{9A19103F-16F7-4668-BE54-9A1E7A4F7556}") = "Volo.Blogging.Admin.Application.Contracts", "e-Shop-Blogging\src\Volo.Blogging.Admin.Application.Contracts\Volo.Blogging.Admin.Application.Contracts.csproj", "{2ABA4F78-00D0-43F1-894A-919EA99E1048}"
EndProject
Project("{9A19103F-16F7-4668-BE54-9A1E7A4F7556}") = "Volo.Blogging.Admin.HttpApi", "e-Shop-Blogging\src\Volo.Blogging.Admin.HttpApi\Volo.Blogging.Admin.HttpApi.csproj", "{06E413AB-0507-4488-935A-71A182BAA1ED}"
EndProject
Project("{9A19103F-16F7-4668-BE54-9A1E7A4F7556}") = "Volo.Blogging.Admin.HttpApi.Client", "e-Shop-Blogging\src\Volo.Blogging.Admin.HttpApi.Client\Volo.Blogging.Admin.HttpApi.Client.csproj", "{62B16E46-A6F4-4CA3-9DF7-60E346AD7AEA}"
EndProject
Project("{9A19103F-16F7-4668-BE54-9A1E7A4F7556}") = "Volo.Blogging.Admin.Web", "e-Shop-Blogging\src\Volo.Blogging.Admin.Web\Volo.Blogging.Admin.Web.csproj", "{43D42557-B089-4E04-84E6-55E42586F7AC}"
EndProject
Project("{9A19103F-16F7-4668-BE54-9A1E7A4F7556}") = "Volo.Blogging.Domain", "e-Shop-Blogging\src\Volo.Blogging.Domain\Volo.Blogging.Domain.csproj", "{3BE52AE3-CD45-41FF-B4B9-529EB1B0E8BF}"
EndProject
Project("{9A19103F-16F7-4668-BE54-9A1E7A4F7556}") = "Volo.Blogging.Domain.Shared", "e-Shop-Blogging\src\Volo.Blogging.Domain.Shared\Volo.Blogging.Domain.Shared.csproj", "{1CADE6E3-7ABF-4FA8-804D-2A021F9A4A68}"
EndProject
Project("{9A19103F-16F7-4668-BE54-9A1E7A4F7556}") = "Volo.Blogging.EntityFrameworkCore", "e-Shop-Blogging\src\Volo.Blogging.EntityFrameworkCore\Volo.Blogging.EntityFrameworkCore.csproj", "{52032998-4C63-4D1B-BE9F-9E2751A40E25}"
EndProject
Project("{9A19103F-16F7-4668-BE54-9A1E7A4F7556}") = "Volo.Blogging.Application", "e-Shop-Blogging\src\Volo.Blogging.Application\Volo.Blogging.Application.csproj", "{D463E319-24C6-4044-8F0D-B96FE5C05FE5}"
EndProject
Project("{9A19103F-16F7-4668-BE54-9A1E7A4F7556}") = "Volo.Blogging.HttpApi", "e-Shop-Blogging\src\Volo.Blogging.HttpApi\Volo.Blogging.HttpApi.csproj", "{3E3A840E-EA69-450F-9888-D03A1A33FBE3}"
EndProject
Project("{9A19103F-16F7-4668-BE54-9A1E7A4F7556}") = "Volo.Blogging.HttpApi.Client", "e-Shop-Blogging\src\Volo.Blogging.HttpApi.Client\Volo.Blogging.HttpApi.Client.csproj", "{CFB581EB-93D5-404C-A717-46FBCED88EEB}"
EndProject
Project("{9A19103F-16F7-4668-BE54-9A1E7A4F7556}") = "Volo.Blogging.Web", "e-Shop-Blogging\src\Volo.Blogging.Web\Volo.Blogging.Web.csproj", "{95A886F4-C273-43FE-ACEC-17919F2F86A2}"
EndProject
Project("{9A19103F-16F7-4668-BE54-9A1E7A4F7556}") = "Volo.Blogging.Application.Tests", "e-Shop-Blogging\test\Volo.Blogging.Application.Tests\Volo.Blogging.Application.Tests.csproj", "{7179692A-6667-4D69-AE97-C8FDC06AF13E}"
EndProject
Project("{9A19103F-16F7-4668-BE54-9A1E7A4F7556}") = "Volo.Blogging.Domain.Tests", "e-Shop-Blogging\test\Volo.Blogging.Domain.Tests\Volo.Blogging.Domain.Tests.csproj", "{9E14A29C-FC09-457E-90F7-D19631F704A4}"
EndProject
Project("{9A19103F-16F7-4668-BE54-9A1E7A4F7556}") = "Volo.Blogging.EntityFrameworkCore.Tests", "e-Shop-Blogging\test\Volo.Blogging.EntityFrameworkCore.Tests\Volo.Blogging.EntityFrameworkCore.Tests.csproj", "{A94F048E-FCD4-4AC6-B2EF-15A60B610CEA}"
EndProject
Project("{9A19103F-16F7-4668-BE54-9A1E7A4F7556}") = "Volo.Blogging.TestBase", "e-Shop-Blogging\test\Volo.Blogging.TestBase\Volo.Blogging.TestBase.csproj", "{781918A8-293D-4687-86CA-B675118A1BD7}"
EndProject
Project("{9A19103F-16F7-4668-BE54-9A1E7A4F7556}") = "Volo.Abp.AspNetCore.SignalR", "framework\src\Volo.Abp.AspNetCore.SignalR\Volo.Abp.AspNetCore.SignalR.csproj", "{180AC8B7-58A4-4956-B848-940A8B0D8ED7}"
EndProject
Project("{2150E333-8FDC-42A3-9474-1A3956D46DE8}") = "k8s", "k8s", "{E3B07A09-1576-41B2-8193-A38622201D46}"
	ProjectSection(SolutionItems) = preProject
		k8s\ingress-controller.yaml = k8s\ingress-controller.yaml
		k8s\ingress-rules.yaml = k8s\ingress-rules.yaml
	EndProjectSection
EndProject
Project("{2150E333-8FDC-42A3-9474-1A3956D46DE8}") = "consul", "consul", "{FDF150AE-4FD5-492B-82E5-5E0AB29FF363}"
	ProjectSection(SolutionItems) = preProject
		k8s\consul\consul.yaml = k8s\consul\consul.yaml
	EndProjectSection
EndProject
Project("{2150E333-8FDC-42A3-9474-1A3956D46DE8}") = "grafana", "grafana", "{12613FA7-888E-4ABE-BC64-E717D5F56BDB}"
	ProjectSection(SolutionItems) = preProject
		k8s\grafana\grafana-deploy-svc.yaml = k8s\grafana\grafana-deploy-svc.yaml
		k8s\grafana\grafana-ing.yaml = k8s\grafana\grafana-ing.yaml
	EndProjectSection
EndProject
Project("{2150E333-8FDC-42A3-9474-1A3956D46DE8}") = "busybox", "busybox", "{7F5823A2-6E70-488C-A691-2C33C051918D}"
	ProjectSection(SolutionItems) = preProject
		k8s\busybox\busybox.yaml = k8s\busybox\busybox.yaml
	EndProjectSection
EndProject
Project("{9A19103F-16F7-4668-BE54-9A1E7A4F7556}") = "Volo.Abp.Castle.Core", "framework\src\Volo.Abp.Castle.Core\Volo.Abp.Castle.Core.csproj", "{410FC520-1058-44A5-BCC7-0E77B0B7FC07}"
EndProject
Project("{9A19103F-16F7-4668-BE54-9A1E7A4F7556}") = "Volo.Abp.BackgroundWorkers", "framework\src\Volo.Abp.BackgroundWorkers\Volo.Abp.BackgroundWorkers.csproj", "{AE74DE5A-42C7-4477-B516-8BB113D1C91C}"
EndProject
Project("{9A19103F-16F7-4668-BE54-9A1E7A4F7556}") = "Volo.Abp.Core", "framework\src\Volo.Abp.Core\Volo.Abp.Core.csproj", "{2C3110BF-E93A-4470-B360-9993A4F0C27C}"
EndProject
Project("{9A19103F-16F7-4668-BE54-9A1E7A4F7556}") = "Volo.Abp.EntityFrameworkCore.MySQL", "framework\src\Volo.Abp.EntityFrameworkCore.MySQL\Volo.Abp.EntityFrameworkCore.MySQL.csproj", "{48BEAA5C-E2D9-4C07-AED0-F59574D68E9D}"
EndProject
Project("{9A19103F-16F7-4668-BE54-9A1E7A4F7556}") = "Volo.Abp.EventBus", "framework\src\Volo.Abp.EventBus\Volo.Abp.EventBus.csproj", "{6FDD4F25-232A-440D-BA49-BF934174392C}"
EndProject
Project("{9A19103F-16F7-4668-BE54-9A1E7A4F7556}") = "Volo.Abp.Ddd.Domain", "framework\src\Volo.Abp.Ddd.Domain\Volo.Abp.Ddd.Domain.csproj", "{DE1FC5DA-F954-446D-85B8-2E7EC0DF781E}"
EndProject
Project("{9A19103F-16F7-4668-BE54-9A1E7A4F7556}") = "Volo.Abp.Ddd.Application", "framework\src\Volo.Abp.Ddd.Application\Volo.Abp.Ddd.Application.csproj", "{30E6D899-9FBE-43F1-B0A9-0BFB6F4DDD74}"
EndProject
Project("{9A19103F-16F7-4668-BE54-9A1E7A4F7556}") = "Volo.Abp.Data", "framework\src\Volo.Abp.Data\Volo.Abp.Data.csproj", "{68E68E32-5407-476B-A3DF-D1A2F653C5CE}"
EndProject
Project("{9A19103F-16F7-4668-BE54-9A1E7A4F7556}") = "Volo.Abp.DistributedLocking", "framework\src\Volo.Abp.DistributedLocking\Volo.Abp.DistributedLocking.csproj", "{F7315253-4CB1-47E4-A200-BB754755FFF2}"
EndProject
Project("{9A19103F-16F7-4668-BE54-9A1E7A4F7556}") = "Volo.Abp.Security", "framework\src\Volo.Abp.Security\Volo.Abp.Security.csproj", "{E1F39A02-F6F4-4B2E-B074-977E502F3F0D}"
EndProject
Project("{9A19103F-16F7-4668-BE54-9A1E7A4F7556}") = "Volo.Blogging.Application.Contracts", "e-Shop-Blogging\src\Volo.Blogging.Application.Contracts\Volo.Blogging.Application.Contracts.csproj", "{65E394E5-00B8-41C9-95C9-A61BB94E2D49}"
EndProject
Project("{9A19103F-16F7-4668-BE54-9A1E7A4F7556}") = "Volo.Blogging.Application.Contracts.Shared", "e-Shop-Blogging\src\Volo.Blogging.Application.Contracts.Shared\Volo.Blogging.Application.Contracts.Shared.csproj", "{42869AAD-F803-4B5B-AC7E-1A57E8456419}"
EndProject
Project("{9A19103F-16F7-4668-BE54-9A1E7A4F7556}") = "Volo.Abp.Ddd.Application.Contracts", "framework\src\Volo.Abp.Ddd.Application.Contracts\Volo.Abp.Ddd.Application.Contracts.csproj", "{D83C0B11-C247-4BC9-9980-D406ECAB9C5E}"
EndProject
Project("{9A19103F-16F7-4668-BE54-9A1E7A4F7556}") = "Volo.Abp.Authorization", "framework\src\Volo.Abp.Authorization\Volo.Abp.Authorization.csproj", "{603E725B-D1D9-4E7A-956B-543C69A006A2}"
EndProject
Project("{9A19103F-16F7-4668-BE54-9A1E7A4F7556}") = "Volo.Abp.Authorization.Abstractions", "framework\src\Volo.Abp.Authorization.Abstractions\Volo.Abp.Authorization.Abstractions.csproj", "{145EFC66-AD18-4DD6-B6F9-8E803BF4BAF2}"
EndProject
Project("{9A19103F-16F7-4668-BE54-9A1E7A4F7556}") = "Volo.Abp.Localization", "framework\src\Volo.Abp.Localization\Volo.Abp.Localization.csproj", "{83160E04-74CF-4B0F-A02B-A6DFB41EC5FD}"
EndProject
Project("{9A19103F-16F7-4668-BE54-9A1E7A4F7556}") = "Volo.Abp.Localization.Abstractions", "framework\src\Volo.Abp.Localization.Abstractions\Volo.Abp.Localization.Abstractions.csproj", "{07630A00-4C37-474D-9796-56B495A1BC17}"
EndProject
Project("{9A19103F-16F7-4668-BE54-9A1E7A4F7556}") = "Volo.Abp.VirtualFileSystem", "framework\src\Volo.Abp.VirtualFileSystem\Volo.Abp.VirtualFileSystem.csproj", "{1ACCCA6C-CAB2-4D34-A83C-AAD352DFB4D4}"
EndProject
Project("{9A19103F-16F7-4668-BE54-9A1E7A4F7556}") = "Volo.Abp.MultiTenancy", "framework\src\Volo.Abp.MultiTenancy\Volo.Abp.MultiTenancy.csproj", "{4D741ECA-2E14-4EF1-A6C3-4E5964DABCC3}"
EndProject
Global
	GlobalSection(SolutionConfigurationPlatforms) = preSolution
		Debug|Any CPU = Debug|Any CPU
		Release|Any CPU = Release|Any CPU
	EndGlobalSection
	GlobalSection(ProjectConfigurationPlatforms) = postSolution
		{EBFD0E48-ECDB-4535-95E5-30AC5B42881E}.Debug|Any CPU.ActiveCfg = Debug|Any CPU
		{EBFD0E48-ECDB-4535-95E5-30AC5B42881E}.Debug|Any CPU.Build.0 = Debug|Any CPU
		{EBFD0E48-ECDB-4535-95E5-30AC5B42881E}.Release|Any CPU.ActiveCfg = Release|Any CPU
		{EBFD0E48-ECDB-4535-95E5-30AC5B42881E}.Release|Any CPU.Build.0 = Release|Any CPU
		{34AA5510-29BC-4BD5-9E99-F86161E62DD1}.Debug|Any CPU.ActiveCfg = Debug|Any CPU
		{34AA5510-29BC-4BD5-9E99-F86161E62DD1}.Debug|Any CPU.Build.0 = Debug|Any CPU
		{34AA5510-29BC-4BD5-9E99-F86161E62DD1}.Release|Any CPU.ActiveCfg = Release|Any CPU
		{34AA5510-29BC-4BD5-9E99-F86161E62DD1}.Release|Any CPU.Build.0 = Release|Any CPU
		{D0881299-B383-466E-9495-7863D5415CF2}.Debug|Any CPU.ActiveCfg = Debug|Any CPU
		{D0881299-B383-466E-9495-7863D5415CF2}.Debug|Any CPU.Build.0 = Debug|Any CPU
		{D0881299-B383-466E-9495-7863D5415CF2}.Release|Any CPU.ActiveCfg = Release|Any CPU
		{D0881299-B383-466E-9495-7863D5415CF2}.Release|Any CPU.Build.0 = Release|Any CPU
		{CEBAEE50-DFDF-4B23-A421-6590181F4B31}.Debug|Any CPU.ActiveCfg = Debug|Any CPU
		{CEBAEE50-DFDF-4B23-A421-6590181F4B31}.Debug|Any CPU.Build.0 = Debug|Any CPU
		{CEBAEE50-DFDF-4B23-A421-6590181F4B31}.Release|Any CPU.ActiveCfg = Release|Any CPU
		{CEBAEE50-DFDF-4B23-A421-6590181F4B31}.Release|Any CPU.Build.0 = Release|Any CPU
		{0C0311FF-94F4-4716-9262-99F25E93BCF6}.Debug|Any CPU.ActiveCfg = Debug|Any CPU
		{0C0311FF-94F4-4716-9262-99F25E93BCF6}.Debug|Any CPU.Build.0 = Debug|Any CPU
		{0C0311FF-94F4-4716-9262-99F25E93BCF6}.Release|Any CPU.ActiveCfg = Release|Any CPU
		{0C0311FF-94F4-4716-9262-99F25E93BCF6}.Release|Any CPU.Build.0 = Release|Any CPU
		{032010E1-1610-4185-8ADB-138BA5D5390D}.Debug|Any CPU.ActiveCfg = Debug|Any CPU
		{032010E1-1610-4185-8ADB-138BA5D5390D}.Debug|Any CPU.Build.0 = Debug|Any CPU
		{032010E1-1610-4185-8ADB-138BA5D5390D}.Release|Any CPU.ActiveCfg = Release|Any CPU
		{032010E1-1610-4185-8ADB-138BA5D5390D}.Release|Any CPU.Build.0 = Release|Any CPU
		{576A7DAB-1ED3-48EB-9D21-465B4D65F0A9}.Debug|Any CPU.ActiveCfg = Debug|Any CPU
		{576A7DAB-1ED3-48EB-9D21-465B4D65F0A9}.Debug|Any CPU.Build.0 = Debug|Any CPU
		{576A7DAB-1ED3-48EB-9D21-465B4D65F0A9}.Release|Any CPU.ActiveCfg = Release|Any CPU
		{576A7DAB-1ED3-48EB-9D21-465B4D65F0A9}.Release|Any CPU.Build.0 = Release|Any CPU
		{10A56898-E113-4624-9D94-EF221C7D7979}.Debug|Any CPU.ActiveCfg = Debug|Any CPU
		{10A56898-E113-4624-9D94-EF221C7D7979}.Debug|Any CPU.Build.0 = Debug|Any CPU
		{10A56898-E113-4624-9D94-EF221C7D7979}.Release|Any CPU.ActiveCfg = Release|Any CPU
		{10A56898-E113-4624-9D94-EF221C7D7979}.Release|Any CPU.Build.0 = Release|Any CPU
		{1CE74146-6DFD-4F1A-AA2A-8EC0C2E2BA92}.Debug|Any CPU.ActiveCfg = Debug|Any CPU
		{1CE74146-6DFD-4F1A-AA2A-8EC0C2E2BA92}.Debug|Any CPU.Build.0 = Debug|Any CPU
		{1CE74146-6DFD-4F1A-AA2A-8EC0C2E2BA92}.Release|Any CPU.ActiveCfg = Release|Any CPU
		{1CE74146-6DFD-4F1A-AA2A-8EC0C2E2BA92}.Release|Any CPU.Build.0 = Release|Any CPU
		{3B9DE361-BACF-40CB-9874-A29E3920DCAF}.Debug|Any CPU.ActiveCfg = Debug|Any CPU
		{3B9DE361-BACF-40CB-9874-A29E3920DCAF}.Debug|Any CPU.Build.0 = Debug|Any CPU
		{3B9DE361-BACF-40CB-9874-A29E3920DCAF}.Release|Any CPU.ActiveCfg = Release|Any CPU
		{3B9DE361-BACF-40CB-9874-A29E3920DCAF}.Release|Any CPU.Build.0 = Release|Any CPU
		{9B1CEE60-C072-41B8-B489-C00513A406D4}.Debug|Any CPU.ActiveCfg = Debug|Any CPU
		{9B1CEE60-C072-41B8-B489-C00513A406D4}.Debug|Any CPU.Build.0 = Debug|Any CPU
		{9B1CEE60-C072-41B8-B489-C00513A406D4}.Release|Any CPU.ActiveCfg = Release|Any CPU
		{9B1CEE60-C072-41B8-B489-C00513A406D4}.Release|Any CPU.Build.0 = Release|Any CPU
		{BFE5B357-9620-40AE-9E3A-C12CD4F8C08C}.Debug|Any CPU.ActiveCfg = Debug|Any CPU
		{BFE5B357-9620-40AE-9E3A-C12CD4F8C08C}.Debug|Any CPU.Build.0 = Debug|Any CPU
		{BFE5B357-9620-40AE-9E3A-C12CD4F8C08C}.Release|Any CPU.ActiveCfg = Release|Any CPU
		{BFE5B357-9620-40AE-9E3A-C12CD4F8C08C}.Release|Any CPU.Build.0 = Release|Any CPU
		{8CC987C4-A09B-4828-A380-97E00B06C465}.Debug|Any CPU.ActiveCfg = Debug|Any CPU
		{8CC987C4-A09B-4828-A380-97E00B06C465}.Debug|Any CPU.Build.0 = Debug|Any CPU
		{8CC987C4-A09B-4828-A380-97E00B06C465}.Release|Any CPU.ActiveCfg = Release|Any CPU
		{8CC987C4-A09B-4828-A380-97E00B06C465}.Release|Any CPU.Build.0 = Release|Any CPU
		{3BA2A77C-5CD4-4433-AA82-4BE66F5E2BE1}.Debug|Any CPU.ActiveCfg = Debug|Any CPU
		{3BA2A77C-5CD4-4433-AA82-4BE66F5E2BE1}.Debug|Any CPU.Build.0 = Debug|Any CPU
		{3BA2A77C-5CD4-4433-AA82-4BE66F5E2BE1}.Release|Any CPU.ActiveCfg = Release|Any CPU
		{3BA2A77C-5CD4-4433-AA82-4BE66F5E2BE1}.Release|Any CPU.Build.0 = Release|Any CPU
		{5700FE78-D23B-41E4-8AF0-606C21838B35}.Debug|Any CPU.ActiveCfg = Debug|Any CPU
		{5700FE78-D23B-41E4-8AF0-606C21838B35}.Debug|Any CPU.Build.0 = Debug|Any CPU
		{5700FE78-D23B-41E4-8AF0-606C21838B35}.Release|Any CPU.ActiveCfg = Release|Any CPU
		{5700FE78-D23B-41E4-8AF0-606C21838B35}.Release|Any CPU.Build.0 = Release|Any CPU
		{2ABA4F78-00D0-43F1-894A-919EA99E1048}.Debug|Any CPU.ActiveCfg = Debug|Any CPU
		{2ABA4F78-00D0-43F1-894A-919EA99E1048}.Debug|Any CPU.Build.0 = Debug|Any CPU
		{2ABA4F78-00D0-43F1-894A-919EA99E1048}.Release|Any CPU.ActiveCfg = Release|Any CPU
		{2ABA4F78-00D0-43F1-894A-919EA99E1048}.Release|Any CPU.Build.0 = Release|Any CPU
		{06E413AB-0507-4488-935A-71A182BAA1ED}.Debug|Any CPU.ActiveCfg = Debug|Any CPU
		{06E413AB-0507-4488-935A-71A182BAA1ED}.Debug|Any CPU.Build.0 = Debug|Any CPU
		{06E413AB-0507-4488-935A-71A182BAA1ED}.Release|Any CPU.ActiveCfg = Release|Any CPU
		{06E413AB-0507-4488-935A-71A182BAA1ED}.Release|Any CPU.Build.0 = Release|Any CPU
		{62B16E46-A6F4-4CA3-9DF7-60E346AD7AEA}.Debug|Any CPU.ActiveCfg = Debug|Any CPU
		{62B16E46-A6F4-4CA3-9DF7-60E346AD7AEA}.Debug|Any CPU.Build.0 = Debug|Any CPU
		{62B16E46-A6F4-4CA3-9DF7-60E346AD7AEA}.Release|Any CPU.ActiveCfg = Release|Any CPU
		{62B16E46-A6F4-4CA3-9DF7-60E346AD7AEA}.Release|Any CPU.Build.0 = Release|Any CPU
		{43D42557-B089-4E04-84E6-55E42586F7AC}.Debug|Any CPU.ActiveCfg = Debug|Any CPU
		{43D42557-B089-4E04-84E6-55E42586F7AC}.Debug|Any CPU.Build.0 = Debug|Any CPU
		{43D42557-B089-4E04-84E6-55E42586F7AC}.Release|Any CPU.ActiveCfg = Release|Any CPU
		{43D42557-B089-4E04-84E6-55E42586F7AC}.Release|Any CPU.Build.0 = Release|Any CPU
		{3BE52AE3-CD45-41FF-B4B9-529EB1B0E8BF}.Debug|Any CPU.ActiveCfg = Debug|Any CPU
		{3BE52AE3-CD45-41FF-B4B9-529EB1B0E8BF}.Debug|Any CPU.Build.0 = Debug|Any CPU
		{3BE52AE3-CD45-41FF-B4B9-529EB1B0E8BF}.Release|Any CPU.ActiveCfg = Release|Any CPU
		{3BE52AE3-CD45-41FF-B4B9-529EB1B0E8BF}.Release|Any CPU.Build.0 = Release|Any CPU
		{1CADE6E3-7ABF-4FA8-804D-2A021F9A4A68}.Debug|Any CPU.ActiveCfg = Debug|Any CPU
		{1CADE6E3-7ABF-4FA8-804D-2A021F9A4A68}.Debug|Any CPU.Build.0 = Debug|Any CPU
		{1CADE6E3-7ABF-4FA8-804D-2A021F9A4A68}.Release|Any CPU.ActiveCfg = Release|Any CPU
		{1CADE6E3-7ABF-4FA8-804D-2A021F9A4A68}.Release|Any CPU.Build.0 = Release|Any CPU
		{52032998-4C63-4D1B-BE9F-9E2751A40E25}.Debug|Any CPU.ActiveCfg = Debug|Any CPU
		{52032998-4C63-4D1B-BE9F-9E2751A40E25}.Debug|Any CPU.Build.0 = Debug|Any CPU
		{52032998-4C63-4D1B-BE9F-9E2751A40E25}.Release|Any CPU.ActiveCfg = Release|Any CPU
		{52032998-4C63-4D1B-BE9F-9E2751A40E25}.Release|Any CPU.Build.0 = Release|Any CPU
		{D463E319-24C6-4044-8F0D-B96FE5C05FE5}.Debug|Any CPU.ActiveCfg = Debug|Any CPU
		{D463E319-24C6-4044-8F0D-B96FE5C05FE5}.Debug|Any CPU.Build.0 = Debug|Any CPU
		{D463E319-24C6-4044-8F0D-B96FE5C05FE5}.Release|Any CPU.ActiveCfg = Release|Any CPU
		{D463E319-24C6-4044-8F0D-B96FE5C05FE5}.Release|Any CPU.Build.0 = Release|Any CPU
		{3E3A840E-EA69-450F-9888-D03A1A33FBE3}.Debug|Any CPU.ActiveCfg = Debug|Any CPU
		{3E3A840E-EA69-450F-9888-D03A1A33FBE3}.Debug|Any CPU.Build.0 = Debug|Any CPU
		{3E3A840E-EA69-450F-9888-D03A1A33FBE3}.Release|Any CPU.ActiveCfg = Release|Any CPU
		{3E3A840E-EA69-450F-9888-D03A1A33FBE3}.Release|Any CPU.Build.0 = Release|Any CPU
		{CFB581EB-93D5-404C-A717-46FBCED88EEB}.Debug|Any CPU.ActiveCfg = Debug|Any CPU
		{CFB581EB-93D5-404C-A717-46FBCED88EEB}.Debug|Any CPU.Build.0 = Debug|Any CPU
		{CFB581EB-93D5-404C-A717-46FBCED88EEB}.Release|Any CPU.ActiveCfg = Release|Any CPU
		{CFB581EB-93D5-404C-A717-46FBCED88EEB}.Release|Any CPU.Build.0 = Release|Any CPU
		{95A886F4-C273-43FE-ACEC-17919F2F86A2}.Debug|Any CPU.ActiveCfg = Debug|Any CPU
		{95A886F4-C273-43FE-ACEC-17919F2F86A2}.Debug|Any CPU.Build.0 = Debug|Any CPU
		{95A886F4-C273-43FE-ACEC-17919F2F86A2}.Release|Any CPU.ActiveCfg = Release|Any CPU
		{95A886F4-C273-43FE-ACEC-17919F2F86A2}.Release|Any CPU.Build.0 = Release|Any CPU
		{7179692A-6667-4D69-AE97-C8FDC06AF13E}.Debug|Any CPU.ActiveCfg = Debug|Any CPU
		{7179692A-6667-4D69-AE97-C8FDC06AF13E}.Debug|Any CPU.Build.0 = Debug|Any CPU
		{7179692A-6667-4D69-AE97-C8FDC06AF13E}.Release|Any CPU.ActiveCfg = Release|Any CPU
		{7179692A-6667-4D69-AE97-C8FDC06AF13E}.Release|Any CPU.Build.0 = Release|Any CPU
		{9E14A29C-FC09-457E-90F7-D19631F704A4}.Debug|Any CPU.ActiveCfg = Debug|Any CPU
		{9E14A29C-FC09-457E-90F7-D19631F704A4}.Debug|Any CPU.Build.0 = Debug|Any CPU
		{9E14A29C-FC09-457E-90F7-D19631F704A4}.Release|Any CPU.ActiveCfg = Release|Any CPU
		{9E14A29C-FC09-457E-90F7-D19631F704A4}.Release|Any CPU.Build.0 = Release|Any CPU
		{A94F048E-FCD4-4AC6-B2EF-15A60B610CEA}.Debug|Any CPU.ActiveCfg = Debug|Any CPU
		{A94F048E-FCD4-4AC6-B2EF-15A60B610CEA}.Debug|Any CPU.Build.0 = Debug|Any CPU
		{A94F048E-FCD4-4AC6-B2EF-15A60B610CEA}.Release|Any CPU.ActiveCfg = Release|Any CPU
		{A94F048E-FCD4-4AC6-B2EF-15A60B610CEA}.Release|Any CPU.Build.0 = Release|Any CPU
		{781918A8-293D-4687-86CA-B675118A1BD7}.Debug|Any CPU.ActiveCfg = Debug|Any CPU
		{781918A8-293D-4687-86CA-B675118A1BD7}.Debug|Any CPU.Build.0 = Debug|Any CPU
		{781918A8-293D-4687-86CA-B675118A1BD7}.Release|Any CPU.ActiveCfg = Release|Any CPU
		{781918A8-293D-4687-86CA-B675118A1BD7}.Release|Any CPU.Build.0 = Release|Any CPU
		{180AC8B7-58A4-4956-B848-940A8B0D8ED7}.Debug|Any CPU.ActiveCfg = Debug|Any CPU
		{180AC8B7-58A4-4956-B848-940A8B0D8ED7}.Debug|Any CPU.Build.0 = Debug|Any CPU
		{180AC8B7-58A4-4956-B848-940A8B0D8ED7}.Release|Any CPU.ActiveCfg = Release|Any CPU
		{180AC8B7-58A4-4956-B848-940A8B0D8ED7}.Release|Any CPU.Build.0 = Release|Any CPU
		{410FC520-1058-44A5-BCC7-0E77B0B7FC07}.Debug|Any CPU.ActiveCfg = Debug|Any CPU
		{410FC520-1058-44A5-BCC7-0E77B0B7FC07}.Debug|Any CPU.Build.0 = Debug|Any CPU
		{410FC520-1058-44A5-BCC7-0E77B0B7FC07}.Release|Any CPU.ActiveCfg = Release|Any CPU
		{410FC520-1058-44A5-BCC7-0E77B0B7FC07}.Release|Any CPU.Build.0 = Release|Any CPU
		{AE74DE5A-42C7-4477-B516-8BB113D1C91C}.Debug|Any CPU.ActiveCfg = Debug|Any CPU
		{AE74DE5A-42C7-4477-B516-8BB113D1C91C}.Debug|Any CPU.Build.0 = Debug|Any CPU
		{AE74DE5A-42C7-4477-B516-8BB113D1C91C}.Release|Any CPU.ActiveCfg = Release|Any CPU
		{AE74DE5A-42C7-4477-B516-8BB113D1C91C}.Release|Any CPU.Build.0 = Release|Any CPU
		{2C3110BF-E93A-4470-B360-9993A4F0C27C}.Debug|Any CPU.ActiveCfg = Debug|Any CPU
		{2C3110BF-E93A-4470-B360-9993A4F0C27C}.Debug|Any CPU.Build.0 = Debug|Any CPU
		{2C3110BF-E93A-4470-B360-9993A4F0C27C}.Release|Any CPU.ActiveCfg = Release|Any CPU
		{2C3110BF-E93A-4470-B360-9993A4F0C27C}.Release|Any CPU.Build.0 = Release|Any CPU
		{48BEAA5C-E2D9-4C07-AED0-F59574D68E9D}.Debug|Any CPU.ActiveCfg = Debug|Any CPU
		{48BEAA5C-E2D9-4C07-AED0-F59574D68E9D}.Debug|Any CPU.Build.0 = Debug|Any CPU
		{48BEAA5C-E2D9-4C07-AED0-F59574D68E9D}.Release|Any CPU.ActiveCfg = Release|Any CPU
		{48BEAA5C-E2D9-4C07-AED0-F59574D68E9D}.Release|Any CPU.Build.0 = Release|Any CPU
		{6FDD4F25-232A-440D-BA49-BF934174392C}.Debug|Any CPU.ActiveCfg = Debug|Any CPU
		{6FDD4F25-232A-440D-BA49-BF934174392C}.Debug|Any CPU.Build.0 = Debug|Any CPU
		{6FDD4F25-232A-440D-BA49-BF934174392C}.Release|Any CPU.ActiveCfg = Release|Any CPU
		{6FDD4F25-232A-440D-BA49-BF934174392C}.Release|Any CPU.Build.0 = Release|Any CPU
		{DE1FC5DA-F954-446D-85B8-2E7EC0DF781E}.Debug|Any CPU.ActiveCfg = Debug|Any CPU
		{DE1FC5DA-F954-446D-85B8-2E7EC0DF781E}.Debug|Any CPU.Build.0 = Debug|Any CPU
		{DE1FC5DA-F954-446D-85B8-2E7EC0DF781E}.Release|Any CPU.ActiveCfg = Release|Any CPU
		{DE1FC5DA-F954-446D-85B8-2E7EC0DF781E}.Release|Any CPU.Build.0 = Release|Any CPU
		{30E6D899-9FBE-43F1-B0A9-0BFB6F4DDD74}.Debug|Any CPU.ActiveCfg = Debug|Any CPU
		{30E6D899-9FBE-43F1-B0A9-0BFB6F4DDD74}.Debug|Any CPU.Build.0 = Debug|Any CPU
		{30E6D899-9FBE-43F1-B0A9-0BFB6F4DDD74}.Release|Any CPU.ActiveCfg = Release|Any CPU
		{30E6D899-9FBE-43F1-B0A9-0BFB6F4DDD74}.Release|Any CPU.Build.0 = Release|Any CPU
		{68E68E32-5407-476B-A3DF-D1A2F653C5CE}.Debug|Any CPU.ActiveCfg = Debug|Any CPU
		{68E68E32-5407-476B-A3DF-D1A2F653C5CE}.Debug|Any CPU.Build.0 = Debug|Any CPU
		{68E68E32-5407-476B-A3DF-D1A2F653C5CE}.Release|Any CPU.ActiveCfg = Release|Any CPU
		{68E68E32-5407-476B-A3DF-D1A2F653C5CE}.Release|Any CPU.Build.0 = Release|Any CPU
		{F7315253-4CB1-47E4-A200-BB754755FFF2}.Debug|Any CPU.ActiveCfg = Debug|Any CPU
		{F7315253-4CB1-47E4-A200-BB754755FFF2}.Debug|Any CPU.Build.0 = Debug|Any CPU
		{F7315253-4CB1-47E4-A200-BB754755FFF2}.Release|Any CPU.ActiveCfg = Release|Any CPU
		{F7315253-4CB1-47E4-A200-BB754755FFF2}.Release|Any CPU.Build.0 = Release|Any CPU
		{E1F39A02-F6F4-4B2E-B074-977E502F3F0D}.Debug|Any CPU.ActiveCfg = Debug|Any CPU
		{E1F39A02-F6F4-4B2E-B074-977E502F3F0D}.Debug|Any CPU.Build.0 = Debug|Any CPU
		{E1F39A02-F6F4-4B2E-B074-977E502F3F0D}.Release|Any CPU.ActiveCfg = Release|Any CPU
		{E1F39A02-F6F4-4B2E-B074-977E502F3F0D}.Release|Any CPU.Build.0 = Release|Any CPU
		{65E394E5-00B8-41C9-95C9-A61BB94E2D49}.Debug|Any CPU.ActiveCfg = Debug|Any CPU
		{65E394E5-00B8-41C9-95C9-A61BB94E2D49}.Debug|Any CPU.Build.0 = Debug|Any CPU
		{65E394E5-00B8-41C9-95C9-A61BB94E2D49}.Release|Any CPU.ActiveCfg = Release|Any CPU
		{65E394E5-00B8-41C9-95C9-A61BB94E2D49}.Release|Any CPU.Build.0 = Release|Any CPU
		{42869AAD-F803-4B5B-AC7E-1A57E8456419}.Debug|Any CPU.ActiveCfg = Debug|Any CPU
		{42869AAD-F803-4B5B-AC7E-1A57E8456419}.Debug|Any CPU.Build.0 = Debug|Any CPU
		{42869AAD-F803-4B5B-AC7E-1A57E8456419}.Release|Any CPU.ActiveCfg = Release|Any CPU
		{42869AAD-F803-4B5B-AC7E-1A57E8456419}.Release|Any CPU.Build.0 = Release|Any CPU
		{D83C0B11-C247-4BC9-9980-D406ECAB9C5E}.Debug|Any CPU.ActiveCfg = Debug|Any CPU
		{D83C0B11-C247-4BC9-9980-D406ECAB9C5E}.Debug|Any CPU.Build.0 = Debug|Any CPU
		{D83C0B11-C247-4BC9-9980-D406ECAB9C5E}.Release|Any CPU.ActiveCfg = Release|Any CPU
		{D83C0B11-C247-4BC9-9980-D406ECAB9C5E}.Release|Any CPU.Build.0 = Release|Any CPU
		{603E725B-D1D9-4E7A-956B-543C69A006A2}.Debug|Any CPU.ActiveCfg = Debug|Any CPU
		{603E725B-D1D9-4E7A-956B-543C69A006A2}.Debug|Any CPU.Build.0 = Debug|Any CPU
		{603E725B-D1D9-4E7A-956B-543C69A006A2}.Release|Any CPU.ActiveCfg = Release|Any CPU
		{603E725B-D1D9-4E7A-956B-543C69A006A2}.Release|Any CPU.Build.0 = Release|Any CPU
		{145EFC66-AD18-4DD6-B6F9-8E803BF4BAF2}.Debug|Any CPU.ActiveCfg = Debug|Any CPU
		{145EFC66-AD18-4DD6-B6F9-8E803BF4BAF2}.Debug|Any CPU.Build.0 = Debug|Any CPU
		{145EFC66-AD18-4DD6-B6F9-8E803BF4BAF2}.Release|Any CPU.ActiveCfg = Release|Any CPU
		{145EFC66-AD18-4DD6-B6F9-8E803BF4BAF2}.Release|Any CPU.Build.0 = Release|Any CPU
		{83160E04-74CF-4B0F-A02B-A6DFB41EC5FD}.Debug|Any CPU.ActiveCfg = Debug|Any CPU
		{83160E04-74CF-4B0F-A02B-A6DFB41EC5FD}.Debug|Any CPU.Build.0 = Debug|Any CPU
		{83160E04-74CF-4B0F-A02B-A6DFB41EC5FD}.Release|Any CPU.ActiveCfg = Release|Any CPU
		{83160E04-74CF-4B0F-A02B-A6DFB41EC5FD}.Release|Any CPU.Build.0 = Release|Any CPU
		{07630A00-4C37-474D-9796-56B495A1BC17}.Debug|Any CPU.ActiveCfg = Debug|Any CPU
		{07630A00-4C37-474D-9796-56B495A1BC17}.Debug|Any CPU.Build.0 = Debug|Any CPU
		{07630A00-4C37-474D-9796-56B495A1BC17}.Release|Any CPU.ActiveCfg = Release|Any CPU
		{07630A00-4C37-474D-9796-56B495A1BC17}.Release|Any CPU.Build.0 = Release|Any CPU
		{1ACCCA6C-CAB2-4D34-A83C-AAD352DFB4D4}.Debug|Any CPU.ActiveCfg = Debug|Any CPU
		{1ACCCA6C-CAB2-4D34-A83C-AAD352DFB4D4}.Debug|Any CPU.Build.0 = Debug|Any CPU
		{1ACCCA6C-CAB2-4D34-A83C-AAD352DFB4D4}.Release|Any CPU.ActiveCfg = Release|Any CPU
		{1ACCCA6C-CAB2-4D34-A83C-AAD352DFB4D4}.Release|Any CPU.Build.0 = Release|Any CPU
		{4D741ECA-2E14-4EF1-A6C3-4E5964DABCC3}.Debug|Any CPU.ActiveCfg = Debug|Any CPU
		{4D741ECA-2E14-4EF1-A6C3-4E5964DABCC3}.Debug|Any CPU.Build.0 = Debug|Any CPU
		{4D741ECA-2E14-4EF1-A6C3-4E5964DABCC3}.Release|Any CPU.ActiveCfg = Release|Any CPU
		{4D741ECA-2E14-4EF1-A6C3-4E5964DABCC3}.Release|Any CPU.Build.0 = Release|Any CPU
	EndGlobalSection
	GlobalSection(SolutionProperties) = preSolution
		HideSolutionNode = FALSE
	EndGlobalSection
	GlobalSection(NestedProjects) = preSolution
		{BE2A423C-271E-469A-AD90-5640DEBEE9C1} = {42BF26EF-B8C7-42DC-9FFB-3653109B7776}
		{A9EF3061-5205-46C7-ACAA-23931CB98E4F} = {42BF26EF-B8C7-42DC-9FFB-3653109B7776}
		{1314C122-18F0-4C6B-895F-27645B6121FF} = {42BF26EF-B8C7-42DC-9FFB-3653109B7776}
		{9FAD5B78-0577-4500-92D5-DC86E05F773C} = {42BF26EF-B8C7-42DC-9FFB-3653109B7776}
		{EBFD0E48-ECDB-4535-95E5-30AC5B42881E} = {F1D236C8-BF3E-4944-90A5-B62C80E914FC}
		{34AA5510-29BC-4BD5-9E99-F86161E62DD1} = {F1D236C8-BF3E-4944-90A5-B62C80E914FC}
		{D0881299-B383-466E-9495-7863D5415CF2} = {F1D236C8-BF3E-4944-90A5-B62C80E914FC}
		{CEBAEE50-DFDF-4B23-A421-6590181F4B31} = {F1D236C8-BF3E-4944-90A5-B62C80E914FC}
		{0C0311FF-94F4-4716-9262-99F25E93BCF6} = {F1D236C8-BF3E-4944-90A5-B62C80E914FC}
		{032010E1-1610-4185-8ADB-138BA5D5390D} = {F1D236C8-BF3E-4944-90A5-B62C80E914FC}
		{10A56898-E113-4624-9D94-EF221C7D7979} = {F1D236C8-BF3E-4944-90A5-B62C80E914FC}
		{1CE74146-6DFD-4F1A-AA2A-8EC0C2E2BA92} = {F1D236C8-BF3E-4944-90A5-B62C80E914FC}
		{3B9DE361-BACF-40CB-9874-A29E3920DCAF} = {F1D236C8-BF3E-4944-90A5-B62C80E914FC}
		{9B1CEE60-C072-41B8-B489-C00513A406D4} = {F1D236C8-BF3E-4944-90A5-B62C80E914FC}
		{BFE5B357-9620-40AE-9E3A-C12CD4F8C08C} = {F1D236C8-BF3E-4944-90A5-B62C80E914FC}
		{8CC987C4-A09B-4828-A380-97E00B06C465} = {EB4FB44A-FE39-4245-9DAD-D6437BCE3870}
		{3BA2A77C-5CD4-4433-AA82-4BE66F5E2BE1} = {EB4FB44A-FE39-4245-9DAD-D6437BCE3870}
		{5700FE78-D23B-41E4-8AF0-606C21838B35} = {BE2A423C-271E-469A-AD90-5640DEBEE9C1}
		{2ABA4F78-00D0-43F1-894A-919EA99E1048} = {BE2A423C-271E-469A-AD90-5640DEBEE9C1}
		{06E413AB-0507-4488-935A-71A182BAA1ED} = {BE2A423C-271E-469A-AD90-5640DEBEE9C1}
		{62B16E46-A6F4-4CA3-9DF7-60E346AD7AEA} = {BE2A423C-271E-469A-AD90-5640DEBEE9C1}
		{43D42557-B089-4E04-84E6-55E42586F7AC} = {BE2A423C-271E-469A-AD90-5640DEBEE9C1}
		{3BE52AE3-CD45-41FF-B4B9-529EB1B0E8BF} = {A9EF3061-5205-46C7-ACAA-23931CB98E4F}
		{1CADE6E3-7ABF-4FA8-804D-2A021F9A4A68} = {A9EF3061-5205-46C7-ACAA-23931CB98E4F}
		{52032998-4C63-4D1B-BE9F-9E2751A40E25} = {A9EF3061-5205-46C7-ACAA-23931CB98E4F}
		{D463E319-24C6-4044-8F0D-B96FE5C05FE5} = {1314C122-18F0-4C6B-895F-27645B6121FF}
		{3E3A840E-EA69-450F-9888-D03A1A33FBE3} = {1314C122-18F0-4C6B-895F-27645B6121FF}
		{CFB581EB-93D5-404C-A717-46FBCED88EEB} = {1314C122-18F0-4C6B-895F-27645B6121FF}
		{95A886F4-C273-43FE-ACEC-17919F2F86A2} = {1314C122-18F0-4C6B-895F-27645B6121FF}
		{7179692A-6667-4D69-AE97-C8FDC06AF13E} = {25B3A516-5C0D-42E3-9294-E8A9346CEE4B}
		{9E14A29C-FC09-457E-90F7-D19631F704A4} = {25B3A516-5C0D-42E3-9294-E8A9346CEE4B}
		{A94F048E-FCD4-4AC6-B2EF-15A60B610CEA} = {25B3A516-5C0D-42E3-9294-E8A9346CEE4B}
		{781918A8-293D-4687-86CA-B675118A1BD7} = {25B3A516-5C0D-42E3-9294-E8A9346CEE4B}
		{180AC8B7-58A4-4956-B848-940A8B0D8ED7} = {F1D236C8-BF3E-4944-90A5-B62C80E914FC}
		{FDF150AE-4FD5-492B-82E5-5E0AB29FF363} = {E3B07A09-1576-41B2-8193-A38622201D46}
		{12613FA7-888E-4ABE-BC64-E717D5F56BDB} = {E3B07A09-1576-41B2-8193-A38622201D46}
		{7F5823A2-6E70-488C-A691-2C33C051918D} = {E3B07A09-1576-41B2-8193-A38622201D46}
		{410FC520-1058-44A5-BCC7-0E77B0B7FC07} = {F1D236C8-BF3E-4944-90A5-B62C80E914FC}
		{AE74DE5A-42C7-4477-B516-8BB113D1C91C} = {F1D236C8-BF3E-4944-90A5-B62C80E914FC}
		{2C3110BF-E93A-4470-B360-9993A4F0C27C} = {F1D236C8-BF3E-4944-90A5-B62C80E914FC}
		{48BEAA5C-E2D9-4C07-AED0-F59574D68E9D} = {F1D236C8-BF3E-4944-90A5-B62C80E914FC}
		{6FDD4F25-232A-440D-BA49-BF934174392C} = {F1D236C8-BF3E-4944-90A5-B62C80E914FC}
		{DE1FC5DA-F954-446D-85B8-2E7EC0DF781E} = {F1D236C8-BF3E-4944-90A5-B62C80E914FC}
		{30E6D899-9FBE-43F1-B0A9-0BFB6F4DDD74} = {F1D236C8-BF3E-4944-90A5-B62C80E914FC}
		{68E68E32-5407-476B-A3DF-D1A2F653C5CE} = {F1D236C8-BF3E-4944-90A5-B62C80E914FC}
		{F7315253-4CB1-47E4-A200-BB754755FFF2} = {F1D236C8-BF3E-4944-90A5-B62C80E914FC}
		{E1F39A02-F6F4-4B2E-B074-977E502F3F0D} = {F1D236C8-BF3E-4944-90A5-B62C80E914FC}
		{65E394E5-00B8-41C9-95C9-A61BB94E2D49} = {1314C122-18F0-4C6B-895F-27645B6121FF}
		{42869AAD-F803-4B5B-AC7E-1A57E8456419} = {9FAD5B78-0577-4500-92D5-DC86E05F773C}
		{D83C0B11-C247-4BC9-9980-D406ECAB9C5E} = {F1D236C8-BF3E-4944-90A5-B62C80E914FC}
		{603E725B-D1D9-4E7A-956B-543C69A006A2} = {F1D236C8-BF3E-4944-90A5-B62C80E914FC}
		{145EFC66-AD18-4DD6-B6F9-8E803BF4BAF2} = {F1D236C8-BF3E-4944-90A5-B62C80E914FC}
		{83160E04-74CF-4B0F-A02B-A6DFB41EC5FD} = {F1D236C8-BF3E-4944-90A5-B62C80E914FC}
		{07630A00-4C37-474D-9796-56B495A1BC17} = {F1D236C8-BF3E-4944-90A5-B62C80E914FC}
		{1ACCCA6C-CAB2-4D34-A83C-AAD352DFB4D4} = {F1D236C8-BF3E-4944-90A5-B62C80E914FC}
		{4D741ECA-2E14-4EF1-A6C3-4E5964DABCC3} = {F1D236C8-BF3E-4944-90A5-B62C80E914FC}
	EndGlobalSection
	GlobalSection(ExtensibilityGlobals) = postSolution
		SolutionGuid = {F2BAE819-78D4-407A-9201-22473B2850B0}
	EndGlobalSection
EndGlobal
