
Microsoft Visual Studio Solution File, Format Version 12.00
# Visual Studio Version 17
VisualStudioVersion = 17.1.32319.34
MinimumVisualStudioVersion = 10.0.40219.1
Project("{9A19103F-16F7-4668-BE54-9A1E7A4F7556}") = "Volo.Blogging.Domain.Shared", "src\Volo.Blogging.Domain.Shared\Volo.Blogging.Domain.Shared.csproj", "{F1D954AD-001A-4533-A8CC-94DDCF70B552}"
EndProject
Project("{9A19103F-16F7-4668-BE54-9A1E7A4F7556}") = "Volo.Blogging.Domain", "src\Volo.Blogging.Domain\Volo.Blogging.Domain.csproj", "{9F3AECDD-0B96-4EB4-BB86-59B488350B76}"
EndProject
Project("{9A19103F-16F7-4668-BE54-9A1E7A4F7556}") = "Volo.Blogging.Application.Contracts", "src\Volo.Blogging.Application.Contracts\Volo.Blogging.Application.Contracts.csproj", "{237BF49B-5FD8-413C-BBD7-2313D91D0553}"
EndProject
Project("{9A19103F-16F7-4668-BE54-9A1E7A4F7556}") = "Volo.Blogging.Application", "src\Volo.Blogging.Application\Volo.Blogging.Application.csproj", "{1678D922-E56D-4D6F-94F5-12AD13C1D919}"
EndProject
Project("{9A19103F-16F7-4668-BE54-9A1E7A4F7556}") = "Volo.Blogging.EntityFrameworkCore", "src\Volo.Blogging.EntityFrameworkCore\Volo.Blogging.EntityFrameworkCore.csproj", "{87A423C6-900E-4D59-A4F2-B7C49D91E6F0}"
EndProject
Project("{9A19103F-16F7-4668-BE54-9A1E7A4F7556}") = "Volo.Blogging.HttpApi", "src\Volo.Blogging.HttpApi\Volo.Blogging.HttpApi.csproj", "{C20F42B4-0E93-43D3-B7CD-363D7E1B4750}"
EndProject
Project("{9A19103F-16F7-4668-BE54-9A1E7A4F7556}") = "Volo.Blogging.HttpApi.Client", "src\Volo.Blogging.HttpApi.Client\Volo.Blogging.HttpApi.Client.csproj", "{03328648-6DE6-43C1-9A27-64771A73FAAD}"
EndProject
Project("{9A19103F-16F7-4668-BE54-9A1E7A4F7556}") = "Volo.Blogging.Web", "src\Volo.Blogging.Web\Volo.Blogging.Web.csproj", "{A4DBA051-7FB9-4AD7-B9B7-6810B2268122}"
EndProject
Project("{2150E333-8FDC-42A3-9474-1A3956D46DE8}") = "app", "app", "{EB4FB44A-FE39-4245-9DAD-D6437BCE3870}"
EndProject
Project("{2150E333-8FDC-42A3-9474-1A3956D46DE8}") = "src", "src", "{42BF26EF-B8C7-42DC-9FFB-3653109B7776}"
EndProject
Project("{2150E333-8FDC-42A3-9474-1A3956D46DE8}") = "test", "test", "{25B3A516-5C0D-42E3-9294-E8A9346CEE4B}"
EndProject
Project("{9A19103F-16F7-4668-BE54-9A1E7A4F7556}") = "Volo.Blogging.TestBase", "test\Volo.Blogging.TestBase\Volo.Blogging.TestBase.csproj", "{BBE8D8BE-1B24-49FE-86EF-3848D4BB6829}"
EndProject
Project("{9A19103F-16F7-4668-BE54-9A1E7A4F7556}") = "Volo.Blogging.EntityFrameworkCore.Tests", "test\Volo.Blogging.EntityFrameworkCore.Tests\Volo.Blogging.EntityFrameworkCore.Tests.csproj", "{0B9AAD44-1FCF-4AF1-838F-A09446E98E37}"
EndProject
Project("{9A19103F-16F7-4668-BE54-9A1E7A4F7556}") = "Volo.Blogging.Application.Tests", "test\Volo.Blogging.Application.Tests\Volo.Blogging.Application.Tests.csproj", "{C949B953-80B3-4B36-B535-1AD74A34FEAC}"
EndProject
Project("{9A19103F-16F7-4668-BE54-9A1E7A4F7556}") = "Volo.Blogging.Domain.Tests", "test\Volo.Blogging.Domain.Tests\Volo.Blogging.Domain.Tests.csproj", "{B6D7EF20-9921-490A-AA95-47E3E174DC9B}"
EndProject
Project("{2150E333-8FDC-42A3-9474-1A3956D46DE8}") = "admin-app", "admin-app", "{BE2A423C-271E-469A-AD90-5640DEBEE9C1}"
EndProject
Project("{2150E333-8FDC-42A3-9474-1A3956D46DE8}") = "domain", "domain", "{A9EF3061-5205-46C7-ACAA-23931CB98E4F}"
EndProject
Project("{2150E333-8FDC-42A3-9474-1A3956D46DE8}") = "public-app", "public-app", "{1314C122-18F0-4C6B-895F-27645B6121FF}"
EndProject
Project("{9A19103F-16F7-4668-BE54-9A1E7A4F7556}") = "Volo.Blogging.Admin.Application.Contracts", "src\Volo.Blogging.Admin.Application.Contracts\Volo.Blogging.Admin.Application.Contracts.csproj", "{D8DF4D56-644E-4ADF-9DB9-712DDA62B129}"
EndProject
Project("{9A19103F-16F7-4668-BE54-9A1E7A4F7556}") = "Volo.Blogging.Admin.Application", "src\Volo.Blogging.Admin.Application\Volo.Blogging.Admin.Application.csproj", "{CB5DEBB3-5C2E-48E9-AA42-497575BCC7A4}"
EndProject
Project("{9A19103F-16F7-4668-BE54-9A1E7A4F7556}") = "Volo.Blogging.Admin.HttpApi", "src\Volo.Blogging.Admin.HttpApi\Volo.Blogging.Admin.HttpApi.csproj", "{59BBAF94-CC8E-4313-9143-F2F5C36A7C45}"
EndProject
Project("{9A19103F-16F7-4668-BE54-9A1E7A4F7556}") = "Volo.Blogging.Admin.HttpApi.Client", "src\Volo.Blogging.Admin.HttpApi.Client\Volo.Blogging.Admin.HttpApi.Client.csproj", "{58A63CC9-C886-448B-AB4E-068600294D86}"
EndProject
Project("{9A19103F-16F7-4668-BE54-9A1E7A4F7556}") = "Volo.Blogging.Admin.Web", "src\Volo.Blogging.Admin.Web\Volo.Blogging.Admin.Web.csproj", "{DB75CA32-96A5-4D10-8DD0-E62A3D0DDBCB}"
EndProject
Project("{2150E333-8FDC-42A3-9474-1A3956D46DE8}") = "Shared", "Shared", "{9FAD5B78-0577-4500-92D5-DC86E05F773C}"
EndProject
Project("{9A19103F-16F7-4668-BE54-9A1E7A4F7556}") = "Volo.Blogging.Application.Contracts.Shared", "src\Volo.Blogging.Application.Contracts.Shared\Volo.Blogging.Application.Contracts.Shared.csproj", "{E28EBBE0-8EB7-4FC1-9267-E6D30993EAE4}"
EndProject
Project("{2150E333-8FDC-42A3-9474-1A3956D46DE8}") = "dependencies", "dependencies", "{F1D236C8-BF3E-4944-90A5-B62C80E914FC}"
EndProject
Project("{9A19103F-16F7-4668-BE54-9A1E7A4F7556}") = "Volo.Blogging.App", "Volo.Blogging.App\Volo.Blogging.App.csproj", "{54E6F824-316D-4E7F-A3B1-F0D6B35438B0}"
EndProject
Project("{9A19103F-16F7-4668-BE54-9A1E7A4F7556}") = "Volo.Blogging.App.EntityFrameworkCore", "Volo.Blogging.App.EntityFrameworkCore\Volo.Blogging.App.EntityFrameworkCore.csproj", "{6E7B2D79-3F60-4540-872E-FAFD1E0068E1}"
EndProject
Project("{9A19103F-16F7-4668-BE54-9A1E7A4F7556}") = "Volo.Abp", "..\framework\src\Volo.Abp\Volo.Abp.csproj", "{E558B14F-4535-4840-BC56-6E2537CD8CB3}"
EndProject
Project("{9A19103F-16F7-4668-BE54-9A1E7A4F7556}") = "Volo.Abp.AspNetCore", "..\framework\src\Volo.Abp.AspNetCore\Volo.Abp.AspNetCore.csproj", "{710094E9-E1DF-43C0-ACBB-09AC65FB65E1}"
EndProject
Project("{9A19103F-16F7-4668-BE54-9A1E7A4F7556}") = "Volo.Abp.Autofac", "..\framework\src\Volo.Abp.Autofac\Volo.Abp.Autofac.csproj", "{29C3B0A1-0176-4EE9-8E5A-38FF9C560014}"
EndProject
Project("{9A19103F-16F7-4668-BE54-9A1E7A4F7556}") = "Volo.Abp.BlobStoring.Minio", "..\framework\src\Volo.Abp.BlobStoring.Minio\Volo.Abp.BlobStoring.Minio.csproj", "{727BA062-87D6-4C51-8DFF-6F2C30617D6C}"
EndProject
Project("{9A19103F-16F7-4668-BE54-9A1E7A4F7556}") = "Volo.Abp.TestBase", "..\framework\src\Volo.Abp.TestBase\Volo.Abp.TestBase.csproj", "{1C213933-1CC7-4AC2-A08A-3C3971827A25}"
EndProject
Project("{9A19103F-16F7-4668-BE54-9A1E7A4F7556}") = "Volo.Abp.EntityFrameworkCore.SqlServer", "..\framework\src\Volo.Abp.EntityFrameworkCore.SqlServer\Volo.Abp.EntityFrameworkCore.SqlServer.csproj", "{361C029C-336A-4CFE-846A-5BB9E2F32B04}"
EndProject
Project("{9A19103F-16F7-4668-BE54-9A1E7A4F7556}") = "Volo.Abp.AspNetCore.SignalR", "..\framework\src\Volo.Abp.AspNetCore.SignalR\Volo.Abp.AspNetCore.SignalR.csproj", "{911DFA32-B7A2-4B58-B1EB-F071B3C43B05}"
EndProject
Project("{9A19103F-16F7-4668-BE54-9A1E7A4F7556}") = "Volo.Abp.Http.Client", "..\framework\src\Volo.Abp.Http.Client\Volo.Abp.Http.Client.csproj", "{E5EB84C7-8E3B-4A84-B986-46FDFC0C8702}"
EndProject
Project("{9A19103F-16F7-4668-BE54-9A1E7A4F7556}") = "Volo.Abp.Castle.Core", "..\framework\src\Volo.Abp.Castle.Core\Volo.Abp.Castle.Core.csproj", "{F582CF75-84F4-4F56-B8CC-E5A84F58B288}"
EndProject
Project("{9A19103F-16F7-4668-BE54-9A1E7A4F7556}") = "Volo.Abp.Specifications", "..\framework\src\Volo.Abp.Specifications\Volo.Abp.Specifications.csproj", "{5B4926B1-2369-43C8-9B75-A5E56F610B40}"
EndProject
Project("{9A19103F-16F7-4668-BE54-9A1E7A4F7556}") = "Volo.Abp.DistributedLocking", "..\framework\src\Volo.Abp.DistributedLocking\Volo.Abp.DistributedLocking.csproj", "{A994676F-BA70-4599-969F-0E55FB583760}"
EndProject
Project("{9A19103F-16F7-4668-BE54-9A1E7A4F7556}") = "Volo.Abp.Core", "..\framework\src\Volo.Abp.Core\Volo.Abp.Core.csproj", "{443BFDAA-C3D8-449E-91DC-868EDB16A40A}"
EndProject
Global
	GlobalSection(SolutionConfigurationPlatforms) = preSolution
		Debug|Any CPU = Debug|Any CPU
		Release|Any CPU = Release|Any CPU
	EndGlobalSection
	GlobalSection(ProjectConfigurationPlatforms) = postSolution
		{F1D954AD-001A-4533-A8CC-94DDCF70B552}.Debug|Any CPU.ActiveCfg = Debug|Any CPU
		{F1D954AD-001A-4533-A8CC-94DDCF70B552}.Debug|Any CPU.Build.0 = Debug|Any CPU
		{F1D954AD-001A-4533-A8CC-94DDCF70B552}.Release|Any CPU.ActiveCfg = Release|Any CPU
		{F1D954AD-001A-4533-A8CC-94DDCF70B552}.Release|Any CPU.Build.0 = Release|Any CPU
		{9F3AECDD-0B96-4EB4-BB86-59B488350B76}.Debug|Any CPU.ActiveCfg = Debug|Any CPU
		{9F3AECDD-0B96-4EB4-BB86-59B488350B76}.Debug|Any CPU.Build.0 = Debug|Any CPU
		{9F3AECDD-0B96-4EB4-BB86-59B488350B76}.Release|Any CPU.ActiveCfg = Release|Any CPU
		{9F3AECDD-0B96-4EB4-BB86-59B488350B76}.Release|Any CPU.Build.0 = Release|Any CPU
		{237BF49B-5FD8-413C-BBD7-2313D91D0553}.Debug|Any CPU.ActiveCfg = Debug|Any CPU
		{237BF49B-5FD8-413C-BBD7-2313D91D0553}.Debug|Any CPU.Build.0 = Debug|Any CPU
		{237BF49B-5FD8-413C-BBD7-2313D91D0553}.Release|Any CPU.ActiveCfg = Release|Any CPU
		{237BF49B-5FD8-413C-BBD7-2313D91D0553}.Release|Any CPU.Build.0 = Release|Any CPU
		{1678D922-E56D-4D6F-94F5-12AD13C1D919}.Debug|Any CPU.ActiveCfg = Debug|Any CPU
		{1678D922-E56D-4D6F-94F5-12AD13C1D919}.Debug|Any CPU.Build.0 = Debug|Any CPU
		{1678D922-E56D-4D6F-94F5-12AD13C1D919}.Release|Any CPU.ActiveCfg = Release|Any CPU
		{1678D922-E56D-4D6F-94F5-12AD13C1D919}.Release|Any CPU.Build.0 = Release|Any CPU
		{87A423C6-900E-4D59-A4F2-B7C49D91E6F0}.Debug|Any CPU.ActiveCfg = Debug|Any CPU
		{87A423C6-900E-4D59-A4F2-B7C49D91E6F0}.Debug|Any CPU.Build.0 = Debug|Any CPU
		{87A423C6-900E-4D59-A4F2-B7C49D91E6F0}.Release|Any CPU.ActiveCfg = Release|Any CPU
		{87A423C6-900E-4D59-A4F2-B7C49D91E6F0}.Release|Any CPU.Build.0 = Release|Any CPU
		{C20F42B4-0E93-43D3-B7CD-363D7E1B4750}.Debug|Any CPU.ActiveCfg = Debug|Any CPU
		{C20F42B4-0E93-43D3-B7CD-363D7E1B4750}.Debug|Any CPU.Build.0 = Debug|Any CPU
		{C20F42B4-0E93-43D3-B7CD-363D7E1B4750}.Release|Any CPU.ActiveCfg = Release|Any CPU
		{C20F42B4-0E93-43D3-B7CD-363D7E1B4750}.Release|Any CPU.Build.0 = Release|Any CPU
		{03328648-6DE6-43C1-9A27-64771A73FAAD}.Debug|Any CPU.ActiveCfg = Debug|Any CPU
		{03328648-6DE6-43C1-9A27-64771A73FAAD}.Debug|Any CPU.Build.0 = Debug|Any CPU
		{03328648-6DE6-43C1-9A27-64771A73FAAD}.Release|Any CPU.ActiveCfg = Release|Any CPU
		{03328648-6DE6-43C1-9A27-64771A73FAAD}.Release|Any CPU.Build.0 = Release|Any CPU
		{A4DBA051-7FB9-4AD7-B9B7-6810B2268122}.Debug|Any CPU.ActiveCfg = Debug|Any CPU
		{A4DBA051-7FB9-4AD7-B9B7-6810B2268122}.Debug|Any CPU.Build.0 = Debug|Any CPU
		{A4DBA051-7FB9-4AD7-B9B7-6810B2268122}.Release|Any CPU.ActiveCfg = Release|Any CPU
		{A4DBA051-7FB9-4AD7-B9B7-6810B2268122}.Release|Any CPU.Build.0 = Release|Any CPU
		{BBE8D8BE-1B24-49FE-86EF-3848D4BB6829}.Debug|Any CPU.ActiveCfg = Debug|Any CPU
		{BBE8D8BE-1B24-49FE-86EF-3848D4BB6829}.Debug|Any CPU.Build.0 = Debug|Any CPU
		{BBE8D8BE-1B24-49FE-86EF-3848D4BB6829}.Release|Any CPU.ActiveCfg = Release|Any CPU
		{BBE8D8BE-1B24-49FE-86EF-3848D4BB6829}.Release|Any CPU.Build.0 = Release|Any CPU
		{0B9AAD44-1FCF-4AF1-838F-A09446E98E37}.Debug|Any CPU.ActiveCfg = Debug|Any CPU
		{0B9AAD44-1FCF-4AF1-838F-A09446E98E37}.Debug|Any CPU.Build.0 = Debug|Any CPU
		{0B9AAD44-1FCF-4AF1-838F-A09446E98E37}.Release|Any CPU.ActiveCfg = Release|Any CPU
		{0B9AAD44-1FCF-4AF1-838F-A09446E98E37}.Release|Any CPU.Build.0 = Release|Any CPU
		{C949B953-80B3-4B36-B535-1AD74A34FEAC}.Debug|Any CPU.ActiveCfg = Debug|Any CPU
		{C949B953-80B3-4B36-B535-1AD74A34FEAC}.Debug|Any CPU.Build.0 = Debug|Any CPU
		{C949B953-80B3-4B36-B535-1AD74A34FEAC}.Release|Any CPU.ActiveCfg = Release|Any CPU
		{C949B953-80B3-4B36-B535-1AD74A34FEAC}.Release|Any CPU.Build.0 = Release|Any CPU
		{B6D7EF20-9921-490A-AA95-47E3E174DC9B}.Debug|Any CPU.ActiveCfg = Debug|Any CPU
		{B6D7EF20-9921-490A-AA95-47E3E174DC9B}.Debug|Any CPU.Build.0 = Debug|Any CPU
		{B6D7EF20-9921-490A-AA95-47E3E174DC9B}.Release|Any CPU.ActiveCfg = Release|Any CPU
		{B6D7EF20-9921-490A-AA95-47E3E174DC9B}.Release|Any CPU.Build.0 = Release|Any CPU
		{D8DF4D56-644E-4ADF-9DB9-712DDA62B129}.Debug|Any CPU.ActiveCfg = Debug|Any CPU
		{D8DF4D56-644E-4ADF-9DB9-712DDA62B129}.Debug|Any CPU.Build.0 = Debug|Any CPU
		{D8DF4D56-644E-4ADF-9DB9-712DDA62B129}.Release|Any CPU.ActiveCfg = Release|Any CPU
		{D8DF4D56-644E-4ADF-9DB9-712DDA62B129}.Release|Any CPU.Build.0 = Release|Any CPU
		{CB5DEBB3-5C2E-48E9-AA42-497575BCC7A4}.Debug|Any CPU.ActiveCfg = Debug|Any CPU
		{CB5DEBB3-5C2E-48E9-AA42-497575BCC7A4}.Debug|Any CPU.Build.0 = Debug|Any CPU
		{CB5DEBB3-5C2E-48E9-AA42-497575BCC7A4}.Release|Any CPU.ActiveCfg = Release|Any CPU
		{CB5DEBB3-5C2E-48E9-AA42-497575BCC7A4}.Release|Any CPU.Build.0 = Release|Any CPU
		{59BBAF94-CC8E-4313-9143-F2F5C36A7C45}.Debug|Any CPU.ActiveCfg = Debug|Any CPU
		{59BBAF94-CC8E-4313-9143-F2F5C36A7C45}.Debug|Any CPU.Build.0 = Debug|Any CPU
		{59BBAF94-CC8E-4313-9143-F2F5C36A7C45}.Release|Any CPU.ActiveCfg = Release|Any CPU
		{59BBAF94-CC8E-4313-9143-F2F5C36A7C45}.Release|Any CPU.Build.0 = Release|Any CPU
		{58A63CC9-C886-448B-AB4E-068600294D86}.Debug|Any CPU.ActiveCfg = Debug|Any CPU
		{58A63CC9-C886-448B-AB4E-068600294D86}.Debug|Any CPU.Build.0 = Debug|Any CPU
		{58A63CC9-C886-448B-AB4E-068600294D86}.Release|Any CPU.ActiveCfg = Release|Any CPU
		{58A63CC9-C886-448B-AB4E-068600294D86}.Release|Any CPU.Build.0 = Release|Any CPU
		{DB75CA32-96A5-4D10-8DD0-E62A3D0DDBCB}.Debug|Any CPU.ActiveCfg = Debug|Any CPU
		{DB75CA32-96A5-4D10-8DD0-E62A3D0DDBCB}.Debug|Any CPU.Build.0 = Debug|Any CPU
		{DB75CA32-96A5-4D10-8DD0-E62A3D0DDBCB}.Release|Any CPU.ActiveCfg = Release|Any CPU
		{DB75CA32-96A5-4D10-8DD0-E62A3D0DDBCB}.Release|Any CPU.Build.0 = Release|Any CPU
		{E28EBBE0-8EB7-4FC1-9267-E6D30993EAE4}.Debug|Any CPU.ActiveCfg = Debug|Any CPU
		{E28EBBE0-8EB7-4FC1-9267-E6D30993EAE4}.Debug|Any CPU.Build.0 = Debug|Any CPU
		{E28EBBE0-8EB7-4FC1-9267-E6D30993EAE4}.Release|Any CPU.ActiveCfg = Release|Any CPU
		{E28EBBE0-8EB7-4FC1-9267-E6D30993EAE4}.Release|Any CPU.Build.0 = Release|Any CPU
		{54E6F824-316D-4E7F-A3B1-F0D6B35438B0}.Debug|Any CPU.ActiveCfg = Debug|Any CPU
		{54E6F824-316D-4E7F-A3B1-F0D6B35438B0}.Debug|Any CPU.Build.0 = Debug|Any CPU
		{54E6F824-316D-4E7F-A3B1-F0D6B35438B0}.Release|Any CPU.ActiveCfg = Release|Any CPU
		{54E6F824-316D-4E7F-A3B1-F0D6B35438B0}.Release|Any CPU.Build.0 = Release|Any CPU
		{6E7B2D79-3F60-4540-872E-FAFD1E0068E1}.Debug|Any CPU.ActiveCfg = Debug|Any CPU
		{6E7B2D79-3F60-4540-872E-FAFD1E0068E1}.Debug|Any CPU.Build.0 = Debug|Any CPU
		{6E7B2D79-3F60-4540-872E-FAFD1E0068E1}.Release|Any CPU.ActiveCfg = Release|Any CPU
		{6E7B2D79-3F60-4540-872E-FAFD1E0068E1}.Release|Any CPU.Build.0 = Release|Any CPU
		{E558B14F-4535-4840-BC56-6E2537CD8CB3}.Debug|Any CPU.ActiveCfg = Debug|Any CPU
		{E558B14F-4535-4840-BC56-6E2537CD8CB3}.Debug|Any CPU.Build.0 = Debug|Any CPU
		{E558B14F-4535-4840-BC56-6E2537CD8CB3}.Release|Any CPU.ActiveCfg = Release|Any CPU
		{E558B14F-4535-4840-BC56-6E2537CD8CB3}.Release|Any CPU.Build.0 = Release|Any CPU
		{710094E9-E1DF-43C0-ACBB-09AC65FB65E1}.Debug|Any CPU.ActiveCfg = Debug|Any CPU
		{710094E9-E1DF-43C0-ACBB-09AC65FB65E1}.Debug|Any CPU.Build.0 = Debug|Any CPU
		{710094E9-E1DF-43C0-ACBB-09AC65FB65E1}.Release|Any CPU.ActiveCfg = Release|Any CPU
		{710094E9-E1DF-43C0-ACBB-09AC65FB65E1}.Release|Any CPU.Build.0 = Release|Any CPU
		{29C3B0A1-0176-4EE9-8E5A-38FF9C560014}.Debug|Any CPU.ActiveCfg = Debug|Any CPU
		{29C3B0A1-0176-4EE9-8E5A-38FF9C560014}.Debug|Any CPU.Build.0 = Debug|Any CPU
		{29C3B0A1-0176-4EE9-8E5A-38FF9C560014}.Release|Any CPU.ActiveCfg = Release|Any CPU
		{29C3B0A1-0176-4EE9-8E5A-38FF9C560014}.Release|Any CPU.Build.0 = Release|Any CPU
		{727BA062-87D6-4C51-8DFF-6F2C30617D6C}.Debug|Any CPU.ActiveCfg = Debug|Any CPU
		{727BA062-87D6-4C51-8DFF-6F2C30617D6C}.Debug|Any CPU.Build.0 = Debug|Any CPU
		{727BA062-87D6-4C51-8DFF-6F2C30617D6C}.Release|Any CPU.ActiveCfg = Release|Any CPU
		{727BA062-87D6-4C51-8DFF-6F2C30617D6C}.Release|Any CPU.Build.0 = Release|Any CPU
		{1C213933-1CC7-4AC2-A08A-3C3971827A25}.Debug|Any CPU.ActiveCfg = Debug|Any CPU
		{1C213933-1CC7-4AC2-A08A-3C3971827A25}.Debug|Any CPU.Build.0 = Debug|Any CPU
		{1C213933-1CC7-4AC2-A08A-3C3971827A25}.Release|Any CPU.ActiveCfg = Release|Any CPU
		{1C213933-1CC7-4AC2-A08A-3C3971827A25}.Release|Any CPU.Build.0 = Release|Any CPU
		{361C029C-336A-4CFE-846A-5BB9E2F32B04}.Debug|Any CPU.ActiveCfg = Debug|Any CPU
		{361C029C-336A-4CFE-846A-5BB9E2F32B04}.Debug|Any CPU.Build.0 = Debug|Any CPU
		{361C029C-336A-4CFE-846A-5BB9E2F32B04}.Release|Any CPU.ActiveCfg = Release|Any CPU
		{361C029C-336A-4CFE-846A-5BB9E2F32B04}.Release|Any CPU.Build.0 = Release|Any CPU
		{911DFA32-B7A2-4B58-B1EB-F071B3C43B05}.Debug|Any CPU.ActiveCfg = Debug|Any CPU
		{911DFA32-B7A2-4B58-B1EB-F071B3C43B05}.Debug|Any CPU.Build.0 = Debug|Any CPU
		{911DFA32-B7A2-4B58-B1EB-F071B3C43B05}.Release|Any CPU.ActiveCfg = Release|Any CPU
		{911DFA32-B7A2-4B58-B1EB-F071B3C43B05}.Release|Any CPU.Build.0 = Release|Any CPU
		{E5EB84C7-8E3B-4A84-B986-46FDFC0C8702}.Debug|Any CPU.ActiveCfg = Debug|Any CPU
		{E5EB84C7-8E3B-4A84-B986-46FDFC0C8702}.Debug|Any CPU.Build.0 = Debug|Any CPU
		{E5EB84C7-8E3B-4A84-B986-46FDFC0C8702}.Release|Any CPU.ActiveCfg = Release|Any CPU
		{E5EB84C7-8E3B-4A84-B986-46FDFC0C8702}.Release|Any CPU.Build.0 = Release|Any CPU
		{F582CF75-84F4-4F56-B8CC-E5A84F58B288}.Debug|Any CPU.ActiveCfg = Debug|Any CPU
		{F582CF75-84F4-4F56-B8CC-E5A84F58B288}.Debug|Any CPU.Build.0 = Debug|Any CPU
		{F582CF75-84F4-4F56-B8CC-E5A84F58B288}.Release|Any CPU.ActiveCfg = Release|Any CPU
		{F582CF75-84F4-4F56-B8CC-E5A84F58B288}.Release|Any CPU.Build.0 = Release|Any CPU
		{5B4926B1-2369-43C8-9B75-A5E56F610B40}.Debug|Any CPU.ActiveCfg = Debug|Any CPU
		{5B4926B1-2369-43C8-9B75-A5E56F610B40}.Debug|Any CPU.Build.0 = Debug|Any CPU
		{5B4926B1-2369-43C8-9B75-A5E56F610B40}.Release|Any CPU.ActiveCfg = Release|Any CPU
		{5B4926B1-2369-43C8-9B75-A5E56F610B40}.Release|Any CPU.Build.0 = Release|Any CPU
		{A994676F-BA70-4599-969F-0E55FB583760}.Debug|Any CPU.ActiveCfg = Debug|Any CPU
		{A994676F-BA70-4599-969F-0E55FB583760}.Debug|Any CPU.Build.0 = Debug|Any CPU
		{A994676F-BA70-4599-969F-0E55FB583760}.Release|Any CPU.ActiveCfg = Release|Any CPU
		{A994676F-BA70-4599-969F-0E55FB583760}.Release|Any CPU.Build.0 = Release|Any CPU
		{443BFDAA-C3D8-449E-91DC-868EDB16A40A}.Debug|Any CPU.ActiveCfg = Debug|Any CPU
		{443BFDAA-C3D8-449E-91DC-868EDB16A40A}.Debug|Any CPU.Build.0 = Debug|Any CPU
		{443BFDAA-C3D8-449E-91DC-868EDB16A40A}.Release|Any CPU.ActiveCfg = Release|Any CPU
		{443BFDAA-C3D8-449E-91DC-868EDB16A40A}.Release|Any CPU.Build.0 = Release|Any CPU
	EndGlobalSection
	GlobalSection(SolutionProperties) = preSolution
		HideSolutionNode = FALSE
	EndGlobalSection
	GlobalSection(NestedProjects) = preSolution
		{F1D954AD-001A-4533-A8CC-94DDCF70B552} = {A9EF3061-5205-46C7-ACAA-23931CB98E4F}
		{9F3AECDD-0B96-4EB4-BB86-59B488350B76} = {A9EF3061-5205-46C7-ACAA-23931CB98E4F}
		{237BF49B-5FD8-413C-BBD7-2313D91D0553} = {1314C122-18F0-4C6B-895F-27645B6121FF}
		{1678D922-E56D-4D6F-94F5-12AD13C1D919} = {1314C122-18F0-4C6B-895F-27645B6121FF}
		{87A423C6-900E-4D59-A4F2-B7C49D91E6F0} = {A9EF3061-5205-46C7-ACAA-23931CB98E4F}
		{C20F42B4-0E93-43D3-B7CD-363D7E1B4750} = {1314C122-18F0-4C6B-895F-27645B6121FF}
		{03328648-6DE6-43C1-9A27-64771A73FAAD} = {1314C122-18F0-4C6B-895F-27645B6121FF}
		{A4DBA051-7FB9-4AD7-B9B7-6810B2268122} = {1314C122-18F0-4C6B-895F-27645B6121FF}
		{BBE8D8BE-1B24-49FE-86EF-3848D4BB6829} = {25B3A516-5C0D-42E3-9294-E8A9346CEE4B}
		{0B9AAD44-1FCF-4AF1-838F-A09446E98E37} = {25B3A516-5C0D-42E3-9294-E8A9346CEE4B}
		{C949B953-80B3-4B36-B535-1AD74A34FEAC} = {25B3A516-5C0D-42E3-9294-E8A9346CEE4B}
		{B6D7EF20-9921-490A-AA95-47E3E174DC9B} = {25B3A516-5C0D-42E3-9294-E8A9346CEE4B}
		{BE2A423C-271E-469A-AD90-5640DEBEE9C1} = {42BF26EF-B8C7-42DC-9FFB-3653109B7776}
		{A9EF3061-5205-46C7-ACAA-23931CB98E4F} = {42BF26EF-B8C7-42DC-9FFB-3653109B7776}
		{1314C122-18F0-4C6B-895F-27645B6121FF} = {42BF26EF-B8C7-42DC-9FFB-3653109B7776}
		{D8DF4D56-644E-4ADF-9DB9-712DDA62B129} = {BE2A423C-271E-469A-AD90-5640DEBEE9C1}
		{CB5DEBB3-5C2E-48E9-AA42-497575BCC7A4} = {BE2A423C-271E-469A-AD90-5640DEBEE9C1}
		{59BBAF94-CC8E-4313-9143-F2F5C36A7C45} = {BE2A423C-271E-469A-AD90-5640DEBEE9C1}
		{58A63CC9-C886-448B-AB4E-068600294D86} = {BE2A423C-271E-469A-AD90-5640DEBEE9C1}
		{DB75CA32-96A5-4D10-8DD0-E62A3D0DDBCB} = {BE2A423C-271E-469A-AD90-5640DEBEE9C1}
		{9FAD5B78-0577-4500-92D5-DC86E05F773C} = {42BF26EF-B8C7-42DC-9FFB-3653109B7776}
		{E28EBBE0-8EB7-4FC1-9267-E6D30993EAE4} = {9FAD5B78-0577-4500-92D5-DC86E05F773C}
		{54E6F824-316D-4E7F-A3B1-F0D6B35438B0} = {EB4FB44A-FE39-4245-9DAD-D6437BCE3870}
		{6E7B2D79-3F60-4540-872E-FAFD1E0068E1} = {EB4FB44A-FE39-4245-9DAD-D6437BCE3870}
		{E558B14F-4535-4840-BC56-6E2537CD8CB3} = {F1D236C8-BF3E-4944-90A5-B62C80E914FC}
		{710094E9-E1DF-43C0-ACBB-09AC65FB65E1} = {F1D236C8-BF3E-4944-90A5-B62C80E914FC}
		{29C3B0A1-0176-4EE9-8E5A-38FF9C560014} = {F1D236C8-BF3E-4944-90A5-B62C80E914FC}
		{727BA062-87D6-4C51-8DFF-6F2C30617D6C} = {F1D236C8-BF3E-4944-90A5-B62C80E914FC}
		{1C213933-1CC7-4AC2-A08A-3C3971827A25} = {F1D236C8-BF3E-4944-90A5-B62C80E914FC}
		{361C029C-336A-4CFE-846A-5BB9E2F32B04} = {F1D236C8-BF3E-4944-90A5-B62C80E914FC}
		{911DFA32-B7A2-4B58-B1EB-F071B3C43B05} = {F1D236C8-BF3E-4944-90A5-B62C80E914FC}
		{E5EB84C7-8E3B-4A84-B986-46FDFC0C8702} = {F1D236C8-BF3E-4944-90A5-B62C80E914FC}
		{F582CF75-84F4-4F56-B8CC-E5A84F58B288} = {F1D236C8-BF3E-4944-90A5-B62C80E914FC}
		{5B4926B1-2369-43C8-9B75-A5E56F610B40} = {F1D236C8-BF3E-4944-90A5-B62C80E914FC}
		{A994676F-BA70-4599-969F-0E55FB583760} = {F1D236C8-BF3E-4944-90A5-B62C80E914FC}
		{443BFDAA-C3D8-449E-91DC-868EDB16A40A} = {F1D236C8-BF3E-4944-90A5-B62C80E914FC}
	EndGlobalSection
	GlobalSection(ExtensibilityGlobals) = postSolution
		SolutionGuid = {F2BAE819-78D4-407A-9201-22473B2850B0}
	EndGlobalSection
EndGlobal
